schema: '2.0'
stages:
  index:
    cmd: python image_metadata.py
  embeddings:
    cmd: python image_embeddings.py
    outs:
    - path: ../vectors
      hash: md5
      md5: 6be45d2101d76bd5f29c6ec858aecc8a.dir
      size: 13566692
      nfiles: 5
  cluster:
    cmd: python cluster.py
    deps:
    - path: ../vectors
      hash: md5
      md5: 18fe90eccd3a31d63eb81a0db701e375.dir
      size: 13566692
      nfiles: 5
    outs:
    - path: ../models
      hash: md5
      md5: 17573502996bd38fde3c4304cb3d1d3d.dir
      size: 84672
      nfiles: 1
